
Microsoft Visual Studio Solution File, Format Version 11.00
# Visual Studio 2010
Project("{FAE04EC0-301F-11D3-BF4B-00C04F79EFBC}") = "Assembly-CSharp-firstpass", "Assembly-CSharp-firstpass.csproj", "{1e6509cb-ccbe-eea2-ab5f-7ca34a43d9ba}"
EndProject
Project("{FAE04EC0-301F-11D3-BF4B-00C04F79EFBC}") = "Assembly-CSharp", "Assembly-CSharp.csproj", "{3b78817b-fbf2-8057-f410-4893dd882cfe}"
EndProject
Project("{FAE04EC0-301F-11D3-BF4B-00C04F79EFBC}") = "Assembly-CSharp-Editor", "Assembly-CSharp-Editor.csproj", "{4bb17968-603a-6cd1-75de-ee468d7877c7}"
EndProject
Global
	GlobalSection(SolutionConfigurationPlatforms) = preSolution
		Debug|Any CPU = Debug|Any CPU
	EndGlobalSection
	GlobalSection(ProjectConfigurationPlatforms) = postSolution
		{1e6509cb-ccbe-eea2-ab5f-7ca34a43d9ba}.Debug|Any CPU.ActiveCfg = Debug|Any CPU
		{1e6509cb-ccbe-eea2-ab5f-7ca34a43d9ba}.Debug|Any CPU.Build.0 = Debug|Any CPU
		{3b78817b-fbf2-8057-f410-4893dd882cfe}.Debug|Any CPU.ActiveCfg = Debug|Any CPU
		{3b78817b-fbf2-8057-f410-4893dd882cfe}.Debug|Any CPU.Build.0 = Debug|Any CPU
		{4bb17968-603a-6cd1-75de-ee468d7877c7}.Debug|Any CPU.ActiveCfg = Debug|Any CPU
		{4bb17968-603a-6cd1-75de-ee468d7877c7}.Debug|Any CPU.Build.0 = Debug|Any CPU
	EndGlobalSection
	GlobalSection(SolutionProperties) = preSolution
		HideSolutionNode = FALSE
	EndGlobalSection
EndGlobal
